{
  "requires": true,
  "lockfileVersion": 1,
  "dependencies": {
    "cookieconsent": {
      "version": "3.1.1",
      "resolved": "https://registry.npmjs.org/cookieconsent/-/cookieconsent-3.1.1.tgz",
      "integrity": "sha512-v8JWLJcI7Zs9NWrs8hiVldVtm3EBF70TJI231vxn6YToBGj0c9dvdnYwltydkAnrbBMOM/qX1xLFrnTfm5wTag=="
    },
    "ngx-cookieconsent": {
      "version": "2.2.3",
      "resolved": "https://registry.npmjs.org/ngx-cookieconsent/-/ngx-cookieconsent-2.2.3.tgz",
      "integrity": "sha512-vg7M4XZSTFRAQq20M0YVJdz5OkXIu0t0MSYos0vvu7oblaEivQstA1Mg5bO7OJYp+oFoTEefWhvO2nCiyHn9SQ=="
    }
  }
}
